<?xml version="1.0" encoding="utf-8"?>
<Project ToolsVersion="4.0" xmlns="http://schemas.microsoft.com/developer/msbuild/2003">
  <ItemGroup>
    <ClCompile Include="..\src\p4.c">
      <Filter>p4</Filter>
    </ClCompile>
    <ClCompile Include="..\src\p4_task.c">
      <Filter>p4</Filter>
    </ClCompile>
    <ClCompile Include="..\src\p4t_json_generated.c">
      <Filter>generated</Filter>
    </ClCompile>
    <ClCompile Include="..\src\p4t_structs_generated.c">
      <Filter>generated</Filter>
    </ClCompile>
    <ClCompile Include="..\src\p4t_update.cpp">
      <Filter>misc</Filter>
    </ClCompile>
    <ClCompile Include="..\src\p4t_main.cpp">
      <Filter>misc</Filter>
    </ClCompile>
    <ClCompile Include="..\src\task_diff_file.c">
      <Filter>p4</Filter>
    </ClCompile>
    <ClCompile Include="..\src\task_describe_changelist.c">
      <Filter>p4</Filter>
    </ClCompile>
    <ClCompile Include="..\src\ui_changeset.cpp">
      <Filter>UI</Filter>
    </ClCompile>
    <ClCompile Include="..\src\ui_clientspec.cpp">
      <Filter>UI</Filter>
    </ClCompile>
    <ClCompile Include="..\src\ui_changelist.cpp">
      <Filter>UI</Filter>
    </ClCompile>
    <ClCompile Include="..\src\config.c">
      <Filter>misc</Filter>
    </ClCompile>
    <ClCompile Include="..\src\ui_icons.cpp">
      <Filter>UI</Filter>
    </ClCompile>
    <ClCompile Include="..\src\ui_tabs.cpp">
      <Filter>UI</Filter>
    </ClCompile>
    <ClCompile Include="..\src\ui_output.cpp">
      <Filter>UI</Filter>
    </ClCompile>
    <ClCompile Include="..\src\ui_config.cpp">
      <Filter>UI</Filter>
    </ClCompile>
  </ItemGroup>
  <ItemGroup>
    <ClInclude Include="..\src\p4.h">
      <Filter>p4</Filter>
    </ClInclude>
    <ClInclude Include="..\src\p4_task.h">
      <Filter>p4</Filter>
    </ClInclude>
    <ClInclude Include="..\src\p4t_json_generated.h">
      <Filter>generated</Filter>
    </ClInclude>
    <ClInclude Include="..\src\p4t_structs_generated.h">
      <Filter>generated</Filter>
    </ClInclude>
    <ClInclude Include="..\src\win32_resource.h">
      <Filter>misc</Filter>
    </ClInclude>
    <ClInclude Include="..\src\p4t_update.h">
      <Filter>misc</Filter>
    </ClInclude>
    <ClInclude Include="..\src\task_diff_file.h">
      <Filter>p4</Filter>
    </ClInclude>
    <ClInclude Include="..\src\task_describe_changelist.h">
      <Filter>p4</Filter>
    </ClInclude>
    <ClInclude Include="..\src\ui_changeset.h">
      <Filter>UI</Filter>
    </ClInclude>
    <ClInclude Include="..\src\ui_clientspec.h">
      <Filter>UI</Filter>
    </ClInclude>
    <ClInclude Include="..\src\ui_changelist.h">
      <Filter>UI</Filter>
    </ClInclude>
    <ClInclude Include="..\src\config.h">
      <Filter>misc</Filter>
    </ClInclude>
    <ClInclude Include="..\src\ui_icons.h">
      <Filter>UI</Filter>
    </ClInclude>
    <ClInclude Include="..\src\ui_tabs.h">
      <Filter>UI</Filter>
    </ClInclude>
    <ClInclude Include="..\src\ui_output.h">
      <Filter>UI</Filter>
    </ClInclude>
    <ClInclude Include="..\src\ui_config.h">
      <Filter>UI</Filter>
    </ClInclude>
  </ItemGroup>
  <ItemGroup>
    <Filter Include="UI">
      <UniqueIdentifier>{758a379d-e8b7-4030-b71b-f8d087ef0623}</UniqueIdentifier>
    </Filter>
    <Filter Include="p4">
      <UniqueIdentifier>{eeadedbd-d151-49c6-a938-029b2954a968}</UniqueIdentifier>
    </Filter>
    <Filter Include="generated">
      <UniqueIdentifier>{bac2b5c8-90b9-457e-bd2f-7165ee15e022}</UniqueIdentifier>
    </Filter>
    <Filter Include="misc">
      <UniqueIdentifier>{f8073ffd-b497-40c1-b84d-26c48f79653d}</UniqueIdentifier>
    </Filter>
  </ItemGroup>
  <ItemGroup>
    <ResourceCompile Include="..\src\win32_resource.rc">
      <Filter>misc</Filter>
    </ResourceCompile>
  </ItemGroup>
  <ItemGroup>
    <None Include="..\p4t_preproc.json">
      <Filter>misc</Filter>
    </None>
  </ItemGroup>
  <ItemGroup>
    <Image Include="..\src\p4t_green.ico">
      <Filter>misc</Filter>
    </Image>
  </ItemGroup>
</Project>