<?xml version="1.0" encoding="utf-8"?>
<Project ToolsVersion="4.0" xmlns="http://schemas.microsoft.com/developer/msbuild/2003">
  <Import Project="..\..\bb\vs\bbcommon_filters.props" />
  <ItemGroup>
    <Filter Include="Source Files">
      <UniqueIdentifier>{4FC737F1-C7A5-4376-A066-2A32D752A2FF}</UniqueIdentifier>
      <Extensions>cpp;c;cc;cxx;def;odl;idl;hpj;bat;asm;asmx</Extensions>
    </Filter>
    <Filter Include="Header Files">
      <UniqueIdentifier>{93995380-89BD-4b04-88EB-625FBE52EBFB}</UniqueIdentifier>
      <Extensions>h;hh;hpp;hxx;hm;inl;inc;xsd</Extensions>
    </Filter>
  </ItemGroup>
  <ItemGroup>
    <ClCompile Include="..\src\common\sb.c">
      <Filter>Source Files</Filter>
    </ClCompile>
    <ClCompile Include="..\src\common\va.c">
      <Filter>Source Files</Filter>
    </ClCompile>
    <ClCompile Include="..\src\common\win32_file_utils.c">
      <Filter>Source Files</Filter>
    </ClCompile>
    <ClCompile Include="..\src\common\win32_time_utils.c">
      <Filter>Source Files</Filter>
    </ClCompile>
    <ClCompile Include="..\src\common\sdict.c">
      <Filter>Source Files</Filter>
    </ClCompile>
    <ClCompile Include="..\src\common\path_utils.c">
      <Filter>Source Files</Filter>
    </ClCompile>
    <ClCompile Include="..\src\common\span.c">
      <Filter>Source Files</Filter>
    </ClCompile>
    <ClCompile Include="..\src\common\appdata.c">
      <Filter>Source Files</Filter>
    </ClCompile>
    <ClCompile Include="..\src\common\env_utils.c">
      <Filter>Source Files</Filter>
    </ClCompile>
    <ClCompile Include="..\src\common\tokenize.c">
      <Filter>Source Files</Filter>
    </ClCompile>
    <ClCompile Include="..\src\common\process.c">
      <Filter>Source Files</Filter>
    </ClCompile>
    <ClCompile Include="..\src\common\output.c">
      <Filter>Source Files</Filter>
    </ClCompile>
    <ClCompile Include="..\src\common\str.c">
      <Filter>Source Files</Filter>
    </ClCompile>
  </ItemGroup>
  <ItemGroup>
    <ClInclude Include="..\src\common\file_utils.h">
      <Filter>Header Files</Filter>
    </ClInclude>
    <ClInclude Include="..\src\common\sb.h">
      <Filter>Header Files</Filter>
    </ClInclude>
    <ClInclude Include="..\src\common\time_utils.h">
      <Filter>Header Files</Filter>
    </ClInclude>
    <ClInclude Include="..\src\common\va.h">
      <Filter>Header Files</Filter>
    </ClInclude>
    <ClInclude Include="..\src\common\sdict.h">
      <Filter>Header Files</Filter>
    </ClInclude>
    <ClInclude Include="..\src\common\path_utils.h">
      <Filter>Header Files</Filter>
    </ClInclude>
    <ClInclude Include="..\src\common\common.h">
      <Filter>Header Files</Filter>
    </ClInclude>
    <ClInclude Include="..\src\common\env_utils.h">
      <Filter>Header Files</Filter>
    </ClInclude>
    <ClInclude Include="..\src\common\span.h">
      <Filter>Header Files</Filter>
    </ClInclude>
    <ClInclude Include="..\src\common\appdata.h">
      <Filter>Header Files</Filter>
    </ClInclude>
    <ClInclude Include="..\src\common\tokenize.h">
      <Filter>Header Files</Filter>
    </ClInclude>
    <ClInclude Include="..\src\common\process.h">
      <Filter>Header Files</Filter>
    </ClInclude>
    <ClInclude Include="..\src\common\dlist.h">
      <Filter>Header Files</Filter>
    </ClInclude>
    <ClInclude Include="..\src\common\output.h">
      <Filter>Header Files</Filter>
    </ClInclude>
    <ClInclude Include="..\src\common\str.h">
      <Filter>Header Files</Filter>
    </ClInclude>
  </ItemGroup>
</Project>